{
  "originHash" : "0e5bfe8b93d01be867e63606382059ba9dcb7e5884605c480e837dae9c3b57e4",
  "pins" : [
    {
      "identity" : "aptabase-swift",
      "kind" : "remoteSourceControl",
      "location" : "https://github.com/aptabase/aptabase-swift",
      "state" : {
        "revision" : "cfd67fac2a228d448d9d2ac92ffc71589cc3ef00",
        "version" : "0.3.11"
      }
    },
    {
      "identity" : "sparkle",
      "kind" : "remoteSourceControl",
      "location" : "https://github.com/sparkle-project/Sparkle",
      "state" : {
        "revision" : "066e75a8b3e99962685d6a90cdd5293ebffd9261",
        "version" : "2.9.1"
      }
    },
    {
      "identity" : "swift-argument-parser",
      "kind" : "remoteSourceControl",
      "location" : "https://github.com/apple/swift-argument-parser",
      "state" : {
        "revision" : "626b5b7b2f45e1b0b1c6f4a309296d1d21d7311b",
        "version" : "1.7.1"
      }
    },
    {
      "identity" : "swiftterm",
      "kind" : "remoteSourceControl",
      "location" : "https://github.com/SilverMarcs/SwiftTerm",
      "state" : {
        "branch" : "feature",
        "revision" : "8c962c4b44d93d02b1b7e2faa4de0b1b8f8a96eb"
      }
    }
  ],
  "version" : 3
}
