{
  "originHash" : "ba56cc03298516349ce3455aefa5df188e821e03e4db027bcdbe966a966683ee",
  "pins" : [
    {
      "identity" : "swift-argument-parser",
      "kind" : "remoteSourceControl",
      "location" : "https://github.com/apple/swift-argument-parser",
      "state" : {
        "revision" : "626b5b7b2f45e1b0b1c6f4a309296d1d21d7311b",
        "version" : "1.7.1"
      }
    },
    {
      "identity" : "swiftterm",
      "kind" : "remoteSourceControl",
      "location" : "https://github.com/SilverMarcs/SwiftTerm",
      "state" : {
        "branch" : "feature",
        "revision" : "0b045057c4ab6ae555f5d0f486abcdd35599691c"
      }
    }
  ],
  "version" : 3
}
